# This file was autogenerated by Stack.
# You should not edit this file by hand.
# For more information, please see the documentation at:
#   https://docs.haskellstack.org/en/stable/lock_files

packages:
- completed:
    hackage: codeworld-api-0.8.1@sha256:e9ecb782608c20d0f361f9b80b42151c5f22ae1bb97ca93088c908df01753ddc,6234
    pantry-tree:
      sha256: aefd7bffc91cce29f4cb5d5e1eacd08668bfbaf8f47b5296abf00d10444fe850
      size: 5489
  original:
    hackage: codeworld-api-0.8.1
- completed:
    hackage: reflex-0.9.0.1@sha256:643ddc03649920b6806afc76ce0ac4c2d848544c3003a0535a2fe5bbace81f86,12218
    pantry-tree:
      sha256: 9dccf190932533c60e656e8e5c761a29d761f523d94fa4028beacb7e8a5d6d61
      size: 4664
  original:
    hackage: reflex-0.9.0.1
- completed:
    hackage: patch-0.0.8.1@sha256:dfdd896627c489da4d35b85a3250466b69e324752774cc34324957bdeffc43aa,3251
    pantry-tree:
      sha256: 68bc512841bc21a937a749dbd13992f3b0c2f7b11506d153aeae467855f6ae92
      size: 1179
  original:
    hackage: patch-0.0.8.1
- completed:
    hackage: commutative-semigroups-0.1.0.1@sha256:1d08a56dee1822cbeb3b0d670acd89da83d3ebdb0c15a8d3a45af8c599de3f2f,1106
    pantry-tree:
      sha256: 442a31462b71e55e23bef2e35534595cffc7dc3c7827b97c9ed8e09b2cdc9cd0
      size: 416
  original:
    hackage: commutative-semigroups-0.1.0.1
snapshots:
- completed:
    sha256: 4c972e067bae16b95961dbfdd12e07f1ee6c8fffabbfa05c3d65100b03f548b7
    size: 650253
    url: https://raw.githubusercontent.com/commercialhaskell/stackage-snapshots/master/lts/20/23.yaml
  original: lts-20.23
